Microsoft Visual Studio Solution File, Format Version 12.00
# Visual Studio Version 17
VisualStudioVersion = 17.5.2.0
MinimumVisualStudioVersion = 10.0.40219.1
Project("{FAE04EC0-301F-11D3-BF4B-00C04F79EFBC}") = "Gamified Coding Platform", "Gamified Coding Platform.csproj", "{53F70DFB-9701-D123-ACF4-BF2019F4BD23}"
EndProject
Global
	GlobalSection(SolutionConfigurationPlatforms) = preSolution
		Debug|Any CPU = Debug|Any CPU
		Release|Any CPU = Release|Any CPU
	EndGlobalSection
	GlobalSection(ProjectConfigurationPlatforms) = postSolution
		{53F70DFB-9701-D123-ACF4-BF2019F4BD23}.Debug|Any CPU.ActiveCfg = Debug|Any CPU
		{53F70DFB-9701-D123-ACF4-BF2019F4BD23}.Debug|Any CPU.Build.0 = Debug|Any CPU
		{53F70DFB-9701-D123-ACF4-BF2019F4BD23}.Release|Any CPU.ActiveCfg = Release|Any CPU
		{53F70DFB-9701-D123-ACF4-BF2019F4BD23}.Release|Any CPU.Build.0 = Release|Any CPU
	EndGlobalSection
	GlobalSection(SolutionProperties) = preSolution
		HideSolutionNode = FALSE
	EndGlobalSection
	GlobalSection(ExtensibilityGlobals) = postSolution
		SolutionGuid = {ADB1EA6F-7A54-49EC-A0B4-EA1D725C905B}
	EndGlobalSection
EndGlobal
